
Microsoft Visual Studio Solution File, Format Version 12.00
# Visual Studio Version 17
VisualStudioVersion = 17.3.32929.385
MinimumVisualStudioVersion = 10.0.40219.1
Project("{FAE04EC0-301F-11D3-BF4B-00C04F79EFBC}") = "Telephone taxi", "Telephone taxi\Telephone taxi.csproj", "{CF7868B0-FA24-4140-B09B-97E77D94889B}"
EndProject
Global
	GlobalSection(SolutionConfigurationPlatforms) = preSolution
		Debug|Any CPU = Debug|Any CPU
		Release|Any CPU = Release|Any CPU
	EndGlobalSection
	GlobalSection(ProjectConfigurationPlatforms) = postSolution
		{CF7868B0-FA24-4140-B09B-97E77D94889B}.Debug|Any CPU.ActiveCfg = Debug|Any CPU
		{CF7868B0-FA24-4140-B09B-97E77D94889B}.Debug|Any CPU.Build.0 = Debug|Any CPU
		{CF7868B0-FA24-4140-B09B-97E77D94889B}.Release|Any CPU.ActiveCfg = Release|Any CPU
		{CF7868B0-FA24-4140-B09B-97E77D94889B}.Release|Any CPU.Build.0 = Release|Any CPU
	EndGlobalSection
	GlobalSection(SolutionProperties) = preSolution
		HideSolutionNode = FALSE
	EndGlobalSection
	GlobalSection(ExtensibilityGlobals) = postSolution
		SolutionGuid = {02AAE449-1F68-4370-B7F6-520B4E7E65EB}
	EndGlobalSection
EndGlobal
